
Microsoft Visual Studio Solution File, Format Version 12.00
# Visual Studio Version 17
VisualStudioVersion = 17.0.31903.59
MinimumVisualStudioVersion = 10.0.40219.1
Project("{2150E333-8FDC-42A3-9474-1A3956D46DE8}") = "src", "src", "{4A3C88BF-F0C8-46C6-BF17-5699B6D1DB56}"
EndProject
Project("{FAE04EC0-301F-11D3-BF4B-00C04F79EFBC}") = "TransactionsIngest", "src\TransactionsIngest\TransactionsIngest.csproj", "{6C6AD799-2A23-4128-B36A-09FC19482C25}"
EndProject
Project("{2150E333-8FDC-42A3-9474-1A3956D46DE8}") = "tests", "tests", "{6056964D-4F5E-4B3A-86BF-BC1813FA82D5}"
EndProject
Project("{FAE04EC0-301F-11D3-BF4B-00C04F79EFBC}") = "TransactionsIngest.Tests", "tests\TransactionsIngest.Tests\TransactionsIngest.Tests.csproj", "{D6183CC2-9ABC-4A25-A8AF-C79EF9263285}"
EndProject
Global
	GlobalSection(SolutionConfigurationPlatforms) = preSolution
		Debug|Any CPU = Debug|Any CPU
		Release|Any CPU = Release|Any CPU
	EndGlobalSection
	GlobalSection(SolutionProperties) = preSolution
		HideSolutionNode = FALSE
	EndGlobalSection
	GlobalSection(ProjectConfigurationPlatforms) = postSolution
		{6C6AD799-2A23-4128-B36A-09FC19482C25}.Debug|Any CPU.ActiveCfg = Debug|Any CPU
		{6C6AD799-2A23-4128-B36A-09FC19482C25}.Debug|Any CPU.Build.0 = Debug|Any CPU
		{6C6AD799-2A23-4128-B36A-09FC19482C25}.Release|Any CPU.ActiveCfg = Release|Any CPU
		{6C6AD799-2A23-4128-B36A-09FC19482C25}.Release|Any CPU.Build.0 = Release|Any CPU
		{D6183CC2-9ABC-4A25-A8AF-C79EF9263285}.Debug|Any CPU.ActiveCfg = Debug|Any CPU
		{D6183CC2-9ABC-4A25-A8AF-C79EF9263285}.Debug|Any CPU.Build.0 = Debug|Any CPU
		{D6183CC2-9ABC-4A25-A8AF-C79EF9263285}.Release|Any CPU.ActiveCfg = Release|Any CPU
		{D6183CC2-9ABC-4A25-A8AF-C79EF9263285}.Release|Any CPU.Build.0 = Release|Any CPU
	EndGlobalSection
	GlobalSection(NestedProjects) = preSolution
		{6C6AD799-2A23-4128-B36A-09FC19482C25} = {4A3C88BF-F0C8-46C6-BF17-5699B6D1DB56}
		{D6183CC2-9ABC-4A25-A8AF-C79EF9263285} = {6056964D-4F5E-4B3A-86BF-BC1813FA82D5}
	EndGlobalSection
EndGlobal
